
Microsoft Visual Studio Solution File, Format Version 12.00
# Visual Studio Version 16
VisualStudioVersion = 16.0.33328.57
MinimumVisualStudioVersion = 10.0.40219.1
Project("{F184B08F-C81C-45F6-A57F-5ABD9991F28F}") = "ImageMatch_Desktop", "ImageMatch_Desktop\ImageMatch_Desktop.vbproj", "{E5898A53-421C-4FEC-B2B3-A8C08A1D1720}"
EndProject
Global
	GlobalSection(SolutionConfigurationPlatforms) = preSolution
		Debug|Any CPU = Debug|Any CPU
		Debug|x86 = Debug|x86
		Release|Any CPU = Release|Any CPU
		Release|x86 = Release|x86
	EndGlobalSection
	GlobalSection(ProjectConfigurationPlatforms) = postSolution
		{E5898A53-421C-4FEC-B2B3-A8C08A1D1720}.Debug|Any CPU.ActiveCfg = Debug|Any CPU
		{E5898A53-421C-4FEC-B2B3-A8C08A1D1720}.Debug|Any CPU.Build.0 = Debug|Any CPU
		{E5898A53-421C-4FEC-B2B3-A8C08A1D1720}.Debug|x86.ActiveCfg = Debug|x86
		{E5898A53-421C-4FEC-B2B3-A8C08A1D1720}.Debug|x86.Build.0 = Debug|x86
		{E5898A53-421C-4FEC-B2B3-A8C08A1D1720}.Release|Any CPU.ActiveCfg = Release|Any CPU
		{E5898A53-421C-4FEC-B2B3-A8C08A1D1720}.Release|Any CPU.Build.0 = Release|Any CPU
		{E5898A53-421C-4FEC-B2B3-A8C08A1D1720}.Release|x86.ActiveCfg = Release|x86
		{E5898A53-421C-4FEC-B2B3-A8C08A1D1720}.Release|x86.Build.0 = Release|x86
	EndGlobalSection
	GlobalSection(SolutionProperties) = preSolution
		HideSolutionNode = FALSE
	EndGlobalSection
	GlobalSection(ExtensibilityGlobals) = postSolution
		SolutionGuid = {60513BD8-9720-4D97-8A49-BDFA11658511}
	EndGlobalSection
EndGlobal
